
Microsoft Visual Studio Solution File, Format Version 12.00
# Visual Studio 15
VisualStudioVersion = 15.0.28307.1000
MinimumVisualStudioVersion = 10.0.40219.1
Project("{8BC9CEB8-8B4A-11D0-8D11-00A0C91BC942}") = "Learning2", "Learning2\Learning2.vcxproj", "{AC17337E-8789-4F05-93CF-37396C7CECEF}"
EndProject
Global
	GlobalSection(SolutionConfigurationPlatforms) = preSolution
		Debug|x86 = Debug|x86
		Release|x86 = Release|x86
	EndGlobalSection
	GlobalSection(ProjectConfigurationPlatforms) = postSolution
		{AC17337E-8789-4F05-93CF-37396C7CECEF}.Debug|x86.ActiveCfg = Debug|Win32
		{AC17337E-8789-4F05-93CF-37396C7CECEF}.Debug|x86.Build.0 = Debug|Win32
		{AC17337E-8789-4F05-93CF-37396C7CECEF}.Release|x86.ActiveCfg = Release|Win32
		{AC17337E-8789-4F05-93CF-37396C7CECEF}.Release|x86.Build.0 = Release|Win32
	EndGlobalSection
	GlobalSection(SolutionProperties) = preSolution
		HideSolutionNode = FALSE
	EndGlobalSection
	GlobalSection(ExtensibilityGlobals) = postSolution
		SolutionGuid = {96E25273-B94E-4688-A463-8A6737FA6732}
	EndGlobalSection
EndGlobal
