
Microsoft Visual Studio Solution File, Format Version 12.00
# Visual Studio 15
VisualStudioVersion = 15.0.28307.1000
MinimumVisualStudioVersion = 10.0.40219.1
Project("{8BC9CEB8-8B4A-11D0-8D11-00A0C91BC942}") = "Lab8. Exercise 1", "Lab8. Exercise 1\Lab8. Exercise 1.vcxproj", "{941B3760-ADAA-4E8C-B86E-1411CF9D1BE2}"
EndProject
Global
	GlobalSection(SolutionConfigurationPlatforms) = preSolution
		Debug|x86 = Debug|x86
		Release|x86 = Release|x86
	EndGlobalSection
	GlobalSection(ProjectConfigurationPlatforms) = postSolution
		{941B3760-ADAA-4E8C-B86E-1411CF9D1BE2}.Debug|x86.ActiveCfg = Debug|Win32
		{941B3760-ADAA-4E8C-B86E-1411CF9D1BE2}.Debug|x86.Build.0 = Debug|Win32
		{941B3760-ADAA-4E8C-B86E-1411CF9D1BE2}.Release|x86.ActiveCfg = Release|Win32
		{941B3760-ADAA-4E8C-B86E-1411CF9D1BE2}.Release|x86.Build.0 = Release|Win32
	EndGlobalSection
	GlobalSection(SolutionProperties) = preSolution
		HideSolutionNode = FALSE
	EndGlobalSection
	GlobalSection(ExtensibilityGlobals) = postSolution
		SolutionGuid = {8CE0809E-0F46-47E4-896F-B2CBE1CF0AC7}
	EndGlobalSection
EndGlobal
