
Microsoft Visual Studio Solution File, Format Version 12.00
# Visual Studio 15
VisualStudioVersion = 15.0.28307.1000
MinimumVisualStudioVersion = 10.0.40219.1
Project("{8BC9CEB8-8B4A-11D0-8D11-00A0C91BC942}") = "IndirectAddressing1", "IndirectAddressing1\IndirectAddressing1.vcxproj", "{BAACF10D-832C-49E3-A9CB-6AF285E184EF}"
EndProject
Global
	GlobalSection(SolutionConfigurationPlatforms) = preSolution
		Debug|x86 = Debug|x86
		Release|x86 = Release|x86
	EndGlobalSection
	GlobalSection(ProjectConfigurationPlatforms) = postSolution
		{BAACF10D-832C-49E3-A9CB-6AF285E184EF}.Debug|x86.ActiveCfg = Debug|Win32
		{BAACF10D-832C-49E3-A9CB-6AF285E184EF}.Debug|x86.Build.0 = Debug|Win32
		{BAACF10D-832C-49E3-A9CB-6AF285E184EF}.Release|x86.ActiveCfg = Release|Win32
		{BAACF10D-832C-49E3-A9CB-6AF285E184EF}.Release|x86.Build.0 = Release|Win32
	EndGlobalSection
	GlobalSection(SolutionProperties) = preSolution
		HideSolutionNode = FALSE
	EndGlobalSection
	GlobalSection(ExtensibilityGlobals) = postSolution
		SolutionGuid = {10724CD8-7EA9-447C-B021-8532FF9FB3B7}
	EndGlobalSection
EndGlobal
