
Microsoft Visual Studio Solution File, Format Version 12.00
# Visual Studio 15
VisualStudioVersion = 15.0.28307.1000
MinimumVisualStudioVersion = 10.0.40219.1
Project("{8BC9CEB8-8B4A-11D0-8D11-00A0C91BC942}") = "Lab7-Exercise5", "Lab7-Exercise5\Lab7-Exercise5.vcxproj", "{9F7AD879-4E24-4218-9095-B80C6C988305}"
EndProject
Global
	GlobalSection(SolutionConfigurationPlatforms) = preSolution
		Debug|x86 = Debug|x86
		Release|x86 = Release|x86
	EndGlobalSection
	GlobalSection(ProjectConfigurationPlatforms) = postSolution
		{9F7AD879-4E24-4218-9095-B80C6C988305}.Debug|x86.ActiveCfg = Debug|Win32
		{9F7AD879-4E24-4218-9095-B80C6C988305}.Debug|x86.Build.0 = Debug|Win32
		{9F7AD879-4E24-4218-9095-B80C6C988305}.Release|x86.ActiveCfg = Release|Win32
		{9F7AD879-4E24-4218-9095-B80C6C988305}.Release|x86.Build.0 = Release|Win32
	EndGlobalSection
	GlobalSection(SolutionProperties) = preSolution
		HideSolutionNode = FALSE
	EndGlobalSection
	GlobalSection(ExtensibilityGlobals) = postSolution
		SolutionGuid = {B073FA87-489F-4398-A67A-221B2988CCCD}
	EndGlobalSection
EndGlobal
