
Microsoft Visual Studio Solution File, Format Version 12.00
# Visual Studio 15
VisualStudioVersion = 15.0.28307.1000
MinimumVisualStudioVersion = 10.0.40219.1
Project("{8BC9CEB8-8B4A-11D0-8D11-00A0C91BC942}") = "Lab8. Exercise 3", "Lab8. Exercise 3\Lab8. Exercise 3.vcxproj", "{9C7B10BD-8A9E-4DB5-A47D-6966E2E0BFAB}"
EndProject
Global
	GlobalSection(SolutionConfigurationPlatforms) = preSolution
		Debug|x86 = Debug|x86
		Release|x86 = Release|x86
	EndGlobalSection
	GlobalSection(ProjectConfigurationPlatforms) = postSolution
		{9C7B10BD-8A9E-4DB5-A47D-6966E2E0BFAB}.Debug|x86.ActiveCfg = Debug|Win32
		{9C7B10BD-8A9E-4DB5-A47D-6966E2E0BFAB}.Debug|x86.Build.0 = Debug|Win32
		{9C7B10BD-8A9E-4DB5-A47D-6966E2E0BFAB}.Release|x86.ActiveCfg = Release|Win32
		{9C7B10BD-8A9E-4DB5-A47D-6966E2E0BFAB}.Release|x86.Build.0 = Release|Win32
	EndGlobalSection
	GlobalSection(SolutionProperties) = preSolution
		HideSolutionNode = FALSE
	EndGlobalSection
	GlobalSection(ExtensibilityGlobals) = postSolution
		SolutionGuid = {6ADA0A09-E9D7-4BE9-BB1C-30131C94C1F4}
	EndGlobalSection
EndGlobal
